// !$*UTF8*$!
{
	archiveVersion = 1;
	classes = {
	};
	objectVersion = 50;
	objects = {

/* Begin PBXBuildFile section */
		858CF1760FB8797F1C07362E /* Pods_Never_Ever.framework in Frameworks */ = {isa = PBXBuildFile; fileRef = 7795120AFEFED57772C7A372 /* Pods_Never_Ever.framework */; };
		9CC41C8021D11D1D00F3E60A /* AppDelegate.swift in Sources */ = {isa = PBXBuildFile; fileRef = 9CC41C7F21D11D1D00F3E60A /* AppDelegate.swift */; };
		9CC41C8221D11D1D00F3E60A /* CardsViewController.swift in Sources */ = {isa = PBXBuildFile; fileRef = 9CC41C8121D11D1D00F3E60A /* CardsViewController.swift */; };
		9CC41C8521D11D1E00F3E60A /* Main.storyboard in Resources */ = {isa = PBXBuildFile; fileRef = 9CC41C8321D11D1D00F3E60A /* Main.storyboard */; };
		9CC41C8721D11D2100F3E60A /* Assets.xcassets in Resources */ = {isa = PBXBuildFile; fileRef = 9CC41C8621D11D2100F3E60A /* Assets.xcassets */; };
		9CC41C8A21D11D2100F3E60A /* LaunchScreen.storyboard in Resources */ = {isa = PBXBuildFile; fileRef = 9CC41C8821D11D2100F3E60A /* LaunchScreen.storyboard */; };
		9CC41C9421D1285600F3E60A /* neverEverJSON.json in Resources */ = {isa = PBXBuildFile; fileRef = 9CC41C9321D1285600F3E60A /* neverEverJSON.json */; };
		9CC41C9821D1547600F3E60A /* Phrase.swift in Sources */ = {isa = PBXBuildFile; fileRef = 9CC41C9721D1547600F3E60A /* Phrase.swift */; };
		9CC41C9A21D164C400F3E60A /* TypesViewController.swift in Sources */ = {isa = PBXBuildFile; fileRef = 9CC41C9921D164C400F3E60A /* TypesViewController.swift */; };
/* End PBXBuildFile section */

/* Begin PBXFileReference section */
		2EF8999FAC297CE101C2145C /* Pods-Never Ever.debug.xcconfig */ = {isa = PBXFileReference; includeInIndex = 1; lastKnownFileType = text.xcconfig; name = "Pods-Never Ever.debug.xcconfig"; path = "Pods/Target Support Files/Pods-Never Ever/Pods-Never Ever.debug.xcconfig"; sourceTree = "<group>"; };
		4D69AEC68363E0188BF2F541 /* Pods-Never Ever.release.xcconfig */ = {isa = PBXFileReference; includeInIndex = 1; lastKnownFileType = text.xcconfig; name = "Pods-Never Ever.release.xcconfig"; path = "Pods/Target Support Files/Pods-Never Ever/Pods-Never Ever.release.xcconfig"; sourceTree = "<group>"; };
		7795120AFEFED57772C7A372 /* Pods_Never_Ever.framework */ = {isa = PBXFileReference; explicitFileType = wrapper.framework; includeInIndex = 0; path = Pods_Never_Ever.framework; sourceTree = BUILT_PRODUCTS_DIR; };
		9CC41C7C21D11D1D00F3E60A /* Never Ever.app */ = {isa = PBXFileReference; explicitFileType = wrapper.application; includeInIndex = 0; path = "Never Ever.app"; sourceTree = BUILT_PRODUCTS_DIR; };
		9CC41C7F21D11D1D00F3E60A /* AppDelegate.swift */ = {isa = PBXFileReference; lastKnownFileType = sourcecode.swift; path = AppDelegate.swift; sourceTree = "<group>"; };
		9CC41C8121D11D1D00F3E60A /* CardsViewController.swift */ = {isa = PBXFileReference; lastKnownFileType = sourcecode.swift; path = CardsViewController.swift; sourceTree = "<group>"; };
		9CC41C8421D11D1D00F3E60A /* Base */ = {isa = PBXFileReference; lastKnownFileType = file.storyboard; name = Base; path = Base.lproj/Main.storyboard; sourceTree = "<group>"; };
		9CC41C8621D11D2100F3E60A /* Assets.xcassets */ = {isa = PBXFileReference; lastKnownFileType = folder.assetcatalog; path = Assets.xcassets; sourceTree = "<group>"; };
		9CC41C8921D11D2100F3E60A /* Base */ = {isa = PBXFileReference; lastKnownFileType = file.storyboard; name = Base; path = Base.lproj/LaunchScreen.storyboard; sourceTree = "<group>"; };
		9CC41C8B21D11D2100F3E60A /* Info.plist */ = {isa = PBXFileReference; lastKnownFileType = text.plist.xml; path = Info.plist; sourceTree = "<group>"; };
		9CC41C9321D1285600F3E60A /* neverEverJSON.json */ = {isa = PBXFileReference; fileEncoding = 4; lastKnownFileType = text.json; path = neverEverJSON.json; sourceTree = "<group>"; };
		9CC41C9721D1547600F3E60A /* Phrase.swift */ = {isa = PBXFileReference; lastKnownFileType = sourcecode.swift; path = Phrase.swift; sourceTree = "<group>"; };
		9CC41C9921D164C400F3E60A /* TypesViewController.swift */ = {isa = PBXFileReference; lastKnownFileType = sourcecode.swift; path = TypesViewController.swift; sourceTree = "<group>"; };
/* End PBXFileReference section */

/* Begin PBXFrameworksBuildPhase section */
		9CC41C7921D11D1D00F3E60A /* Frameworks */ = {
			isa = PBXFrameworksBuildPhase;
			buildActionMask = 2147483647;
			files = (
				858CF1760FB8797F1C07362E /* Pods_Never_Ever.framework in Frameworks */,
			);
			runOnlyForDeploymentPostprocessing = 0;
		};
/* End PBXFrameworksBuildPhase section */

/* Begin PBXGroup section */
		0548DDA84E5C3E8AF4781E36 /* Pods */ = {
			isa = PBXGroup;
			children = (
				2EF8999FAC297CE101C2145C /* Pods-Never Ever.debug.xcconfig */,
				4D69AEC68363E0188BF2F541 /* Pods-Never Ever.release.xcconfig */,
			);
			name = Pods;
			sourceTree = "<group>";
		};
		68007FE79D44B91944B38630 /* Frameworks */ = {
			isa = PBXGroup;
			children = (
				7795120AFEFED57772C7A372 /* Pods_Never_Ever.framework */,
			);
			name = Frameworks;
			sourceTree = "<group>";
		};
		9CC41C7321D11D1D00F3E60A = {
			isa = PBXGroup;
			children = (
				9CC41C7E21D11D1D00F3E60A /* Never Ever */,
				9CC41C7D21D11D1D00F3E60A /* Products */,
				0548DDA84E5C3E8AF4781E36 /* Pods */,
				68007FE79D44B91944B38630 /* Frameworks */,
			);
			sourceTree = "<group>";
		};
		9CC41C7D21D11D1D00F3E60A /* Products */ = {
			isa = PBXGroup;
			children = (
				9CC41C7C21D11D1D00F3E60A /* Never Ever.app */,
			);
			name = Products;
			sourceTree = "<group>";
		};
		9CC41C7E21D11D1D00F3E60A /* Never Ever */ = {
			isa = PBXGroup;
			children = (
				9CC41C7F21D11D1D00F3E60A /* AppDelegate.swift */,
				9CC41C9321D1285600F3E60A /* neverEverJSON.json */,
				9CC41C8121D11D1D00F3E60A /* CardsViewController.swift */,
				9CC41C9921D164C400F3E60A /* TypesViewController.swift */,
				9CC41C9721D1547600F3E60A /* Phrase.swift */,
				9CC41C8321D11D1D00F3E60A /* Main.storyboard */,
				9CC41C8621D11D2100F3E60A /* Assets.xcassets */,
				9CC41C8821D11D2100F3E60A /* LaunchScreen.storyboard */,
				9CC41C8B21D11D2100F3E60A /* Info.plist */,
			);
			path = "Never Ever";
			sourceTree = "<group>";
		};
/* End PBXGroup section */

/* Begin PBXNativeTarget section */
		9CC41C7B21D11D1D00F3E60A /* Never Ever */ = {
			isa = PBXNativeTarget;
			buildConfigurationList = 9CC41C8E21D11D2100F3E60A /* Build configuration list for PBXNativeTarget "Never Ever" */;
			buildPhases = (
				54FC63F54B1508862DADFF78 /* [CP] Check Pods Manifest.lock */,
				9CC41C7821D11D1D00F3E60A /* Sources */,
				9CC41C7921D11D1D00F3E60A /* Frameworks */,
				9CC41C7A21D11D1D00F3E60A /* Resources */,
				6C57C6BFC2D648B23E62E901 /* [CP] Embed Pods Frameworks */,
			);
			buildRules = (
			);
			dependencies = (
			);
			name = "Never Ever";
			productName = "Never Ever";
			productReference = 9CC41C7C21D11D1D00F3E60A /* Never Ever.app */;
			productType = "com.apple.product-type.application";
		};
/* End PBXNativeTarget section */

/* Begin PBXProject section */
		9CC41C7421D11D1D00F3E60A /* Project object */ = {
			isa = PBXProject;
			attributes = {
				LastSwiftUpdateCheck = 1010;
				LastUpgradeCheck = 1010;
				ORGANIZATIONNAME = earine;
				TargetAttributes = {
					9CC41C7B21D11D1D00F3E60A = {
						CreatedOnToolsVersion = 10.1;
					};
				};
			};
			buildConfigurationList = 9CC41C7721D11D1D00F3E60A /* Build configuration list for PBXProject "Never Ever" */;
			compatibilityVersion = "Xcode 9.3";
			developmentRegion = en;
			hasScannedForEncodings = 0;
			knownRegions = (
				en,
				Base,
			);
			mainGroup = 9CC41C7321D11D1D00F3E60A;
			productRefGroup = 9CC41C7D21D11D1D00F3E60A /* Products */;
			projectDirPath = "";
			projectRoot = "";
			targets = (
				9CC41C7B21D11D1D00F3E60A /* Never Ever */,
			);
		};
/* End PBXProject section */

/* Begin PBXResourcesBuildPhase section */
		9CC41C7A21D11D1D00F3E60A /* Resources */ = {
			isa = PBXResourcesBuildPhase;
			buildActionMask = 2147483647;
			files = (
				9CC41C8A21D11D2100F3E60A /* LaunchScreen.storyboard in Resources */,
				9CC41C8721D11D2100F3E60A /* Assets.xcassets in Resources */,
				9CC41C9421D1285600F3E60A /* neverEverJSON.json in Resources */,
				9CC41C8521D11D1E00F3E60A /* Main.storyboard in Resources */,
			);
			runOnlyForDeploymentPostprocessing = 0;
		};
/* End PBXResourcesBuildPhase section */

/* Begin PBXShellScriptBuildPhase section */
		54FC63F54B1508862DADFF78 /* [CP] Check Pods Manifest.lock */ = {
			isa = PBXShellScriptBuildPhase;
			buildActionMask = 2147483647;
			files = (
			);
			inputPaths = (
				"${PODS_PODFILE_DIR_PATH}/Podfile.lock",
				"${PODS_ROOT}/Manifest.lock",
			);
			name = "[CP] Check Pods Manifest.lock";
			outputPaths = (
				"$(DERIVED_FILE_DIR)/Pods-Never Ever-checkManifestLockResult.txt",
			);
			runOnlyForDeploymentPostprocessing = 0;
			shellPath = /bin/sh;
			shellScript = "diff \"${PODS_PODFILE_DIR_PATH}/Podfile.lock\" \"${PODS_ROOT}/Manifest.lock\" > /dev/null\nif [ $? != 0 ] ; then\n    # print error to STDERR\n    echo \"error: The sandbox is not in sync with the Podfile.lock. Run 'pod install' or update your CocoaPods installation.\" >&2\n    exit 1\nfi\n# This output is used by Xcode 'outputs' to avoid re-running this script phase.\necho \"SUCCESS\" > \"${SCRIPT_OUTPUT_FILE_0}\"\n";
			showEnvVarsInLog = 0;
		};
		6C57C6BFC2D648B23E62E901 /* [CP] Embed Pods Frameworks */ = {
			isa = PBXShellScriptBuildPhase;
			buildActionMask = 2147483647;
			files = (
			);
			inputPaths = (
				"${SRCROOT}/Pods/Target Support Files/Pods-Never Ever/Pods-Never Ever-frameworks.sh",
				"${BUILT_PRODUCTS_DIR}/SwiftyJSON/SwiftyJSON.framework",
			);
			name = "[CP] Embed Pods Frameworks";
			outputPaths = (
				"${TARGET_BUILD_DIR}/${FRAMEWORKS_FOLDER_PATH}/SwiftyJSON.framework",
			);
			runOnlyForDeploymentPostprocessing = 0;
			shellPath = /bin/sh;
			shellScript = "\"${SRCROOT}/Pods/Target Support Files/Pods-Never Ever/Pods-Never Ever-frameworks.sh\"\n";
			showEnvVarsInLog = 0;
		};
/* End PBXShellScriptBuildPhase section */

/* Begin PBXSourcesBuildPhase section */
		9CC41C7821D11D1D00F3E60A /* Sources */ = {
			isa = PBXSourcesBuildPhase;
			buildActionMask = 2147483647;
			files = (
				9CC41C9A21D164C400F3E60A /* TypesViewController.swift in Sources */,
				9CC41C9821D1547600F3E60A /* Phrase.swift in Sources */,
				9CC41C8221D11D1D00F3E60A /* CardsViewController.swift in Sources */,
				9CC41C8021D11D1D00F3E60A /* AppDelegate.swift in Sources */,
			);
			runOnlyForDeploymentPostprocessing = 0;
		};
/* End PBXSourcesBuildPhase section */

/* Begin PBXVariantGroup section */
		9CC41C8321D11D1D00F3E60A /* Main.storyboard */ = {
			isa = PBXVariantGroup;
			children = (
				9CC41C8421D11D1D00F3E60A /* Base */,
			);
			name = Main.storyboard;
			sourceTree = "<group>";
		};
		9CC41C8821D11D2100F3E60A /* LaunchScreen.storyboard */ = {
			isa = PBXVariantGroup;
			children = (
				9CC41C8921D11D2100F3E60A /* Base */,
			);
			name = LaunchScreen.storyboard;
			sourceTree = "<group>";
		};
/* End PBXVariantGroup section */

/* Begin XCBuildConfiguration section */
		9CC41C8C21D11D2100F3E60A /* Debug */ = {
			isa = XCBuildConfiguration;
			buildSettings = {
				ALWAYS_SEARCH_USER_PATHS = NO;
				CLANG_ANALYZER_NONNULL = YES;
				CLANG_ANALYZER_NUMBER_OBJECT_CONVERSION = YES_AGGRESSIVE;
				CLANG_CXX_LANGUAGE_STANDARD = "gnu++14";
				CLANG_CXX_LIBRARY = "libc++";
				CLANG_ENABLE_MODULES = YES;
				CLANG_ENABLE_OBJC_ARC = YES;
				CLANG_ENABLE_OBJC_WEAK = YES;
				CLANG_WARN_BLOCK_CAPTURE_AUTORELEASING = YES;
				CLANG_WARN_BOOL_CONVERSION = YES;
				CLANG_WARN_COMMA = YES;
				CLANG_WARN_CONSTANT_CONVERSION = YES;
				CLANG_WARN_DEPRECATED_OBJC_IMPLEMENTATIONS = YES;
				CLANG_WARN_DIRECT_OBJC_ISA_USAGE = YES_ERROR;
				CLANG_WARN_DOCUMENTATION_COMMENTS = YES;
				CLANG_WARN_EMPTY_BODY = YES;
				CLANG_WARN_ENUM_CONVERSION = YES;
				CLANG_WARN_INFINITE_RECURSION = YES;
				CLANG_WARN_INT_CONVERSION = YES;
				CLANG_WARN_NON_LITERAL_NULL_CONVERSION = YES;
				CLANG_WARN_OBJC_IMPLICIT_RETAIN_SELF = YES;
				CLANG_WARN_OBJC_LITERAL_CONVERSION = YES;
				CLANG_WARN_OBJC_ROOT_CLASS = YES_ERROR;
				CLANG_WARN_RANGE_LOOP_ANALYSIS = YES;
				CLANG_WARN_STRICT_PROTOTYPES = YES;
				CLANG_WARN_SUSPICIOUS_MOVE = YES;
				CLANG_WARN_UNGUARDED_AVAILABILITY = YES_AGGRESSIVE;
				CLANG_WARN_UNREACHABLE_CODE = YES;
				CLANG_WARN__DUPLICATE_METHOD_MATCH = YES;
				CODE_SIGN_IDENTITY = "iPhone Developer";
				COPY_PHASE_STRIP = NO;
				DEBUG_INFORMATION_FORMAT = dwarf;
				ENABLE_STRICT_OBJC_MSGSEND = YES;
				ENABLE_TESTABILITY = YES;
				GCC_C_LANGUAGE_STANDARD = gnu11;
				GCC_DYNAMIC_NO_PIC = NO;
				GCC_NO_COMMON_BLOCKS = YES;
				GCC_OPTIMIZATION_LEVEL = 0;
				GCC_PREPROCESSOR_DEFINITIONS = (
					"DEBUG=1",
					"$(inherited)",
				);
				GCC_WARN_64_TO_32_BIT_CONVERSION = YES;
				GCC_WARN_ABOUT_RETURN_TYPE = YES_ERROR;
				GCC_WARN_UNDECLARED_SELECTOR = YES;
				GCC_WARN_UNINITIALIZED_AUTOS = YES_AGGRESSIVE;
				GCC_WARN_UNUSED_FUNCTION = YES;
				GCC_WARN_UNUSED_VARIABLE = YES;
				IPHONEOS_DEPLOYMENT_TARGET = 12.1;
				MTL_ENABLE_DEBUG_INFO = INCLUDE_SOURCE;
				MTL_FAST_MATH = YES;
				ONLY_ACTIVE_ARCH = YES;
				SDKROOT = iphoneos;
				SWIFT_ACTIVE_COMPILATION_CONDITIONS = DEBUG;
				SWIFT_OPTIMIZATION_LEVEL = "-Onone";
			};
			name = Debug;
		};
		9CC41C8D21D11D2100F3E60A /* Release */ = {
			isa = XCBuildConfiguration;
			buildSettings = {
				ALWAYS_SEARCH_USER_PATHS = NO;
				CLANG_ANALYZER_NONNULL = YES;
				CLANG_ANALYZER_NUMBER_OBJECT_CONVERSION = YES_AGGRESSIVE;
				CLANG_CXX_LANGUAGE_STANDARD = "gnu++14";
				CLANG_CXX_LIBRARY = "libc++";
				CLANG_ENABLE_MODULES = YES;
				CLANG_ENABLE_OBJC_ARC = YES;
				CLANG_ENABLE_OBJC_WEAK = YES;
				CLANG_WARN_BLOCK_CAPTURE_AUTORELEASING = YES;
				CLANG_WARN_BOOL_CONVERSION = YES;
				CLANG_WARN_COMMA = YES;
				CLANG_WARN_CONSTANT_CONVERSION = YES;
				CLANG_WARN_DEPRECATED_OBJC_IMPLEMENTATIONS = YES;
				CLANG_WARN_DIRECT_OBJC_ISA_USAGE = YES_ERROR;
				CLANG_WARN_DOCUMENTATION_COMMENTS = YES;
				CLANG_WARN_EMPTY_BODY = YES;
				CLANG_WARN_ENUM_CONVERSION = YES;
				CLANG_WARN_INFINITE_RECURSION = YES;
				CLANG_WARN_INT_CONVERSION = YES;
				CLANG_WARN_NON_LITERAL_NULL_CONVERSION = YES;
				CLANG_WARN_OBJC_IMPLICIT_RETAIN_SELF = YES;
				CLANG_WARN_OBJC_LITERAL_CONVERSION = YES;
				CLANG_WARN_OBJC_ROOT_CLASS = YES_ERROR;
				CLANG_WARN_RANGE_LOOP_ANALYSIS = YES;
				CLANG_WARN_STRICT_PROTOTYPES = YES;
				CLANG_WARN_SUSPICIOUS_MOVE = YES;
				CLANG_WARN_UNGUARDED_AVAILABILITY = YES_AGGRESSIVE;
				CLANG_WARN_UNREACHABLE_CODE = YES;
				CLANG_WARN__DUPLICATE_METHOD_MATCH = YES;
				CODE_SIGN_IDENTITY = "iPhone Developer";
				COPY_PHASE_STRIP = NO;
				DEBUG_INFORMATION_FORMAT = "dwarf-with-dsym";
				ENABLE_NS_ASSERTIONS = NO;
				ENABLE_STRICT_OBJC_MSGSEND = YES;
				GCC_C_LANGUAGE_STANDARD = gnu11;
				GCC_NO_COMMON_BLOCKS = YES;
				GCC_WARN_64_TO_32_BIT_CONVERSION = YES;
				GCC_WARN_ABOUT_RETURN_TYPE = YES_ERROR;
				GCC_WARN_UNDECLARED_SELECTOR = YES;
				GCC_WARN_UNINITIALIZED_AUTOS = YES_AGGRESSIVE;
				GCC_WARN_UNUSED_FUNCTION = YES;
				GCC_WARN_UNUSED_VARIABLE = YES;
				IPHONEOS_DEPLOYMENT_TARGET = 12.1;
				MTL_ENABLE_DEBUG_INFO = NO;
				MTL_FAST_MATH = YES;
				SDKROOT = iphoneos;
				SWIFT_COMPILATION_MODE = wholemodule;
				SWIFT_OPTIMIZATION_LEVEL = "-O";
				VALIDATE_PRODUCT = YES;
			};
			name = Release;
		};
		9CC41C8F21D11D2100F3E60A /* Debug */ = {
			isa = XCBuildConfiguration;
			baseConfigurationReference = 2EF8999FAC297CE101C2145C /* Pods-Never Ever.debug.xcconfig */;
			buildSettings = {
				ASSETCATALOG_COMPILER_APPICON_NAME = AppIcon;
				CODE_SIGN_STYLE = Automatic;
				DEVELOPMENT_TEAM = 7BV7G443SR;
				INFOPLIST_FILE = "Never Ever/Info.plist";
				LD_RUNPATH_SEARCH_PATHS = (
					"$(inherited)",
					"@executable_path/Frameworks",
				);
				PRODUCT_BUNDLE_IDENTIFIER = "com.earine.Never-Ever";
				PRODUCT_NAME = "$(TARGET_NAME)";
				SWIFT_VERSION = 4.2;
				TARGETED_DEVICE_FAMILY = "1,2";
			};
			name = Debug;
		};
		9CC41C9021D11D2100F3E60A /* Release */ = {
			isa = XCBuildConfiguration;
			baseConfigurationReference = 4D69AEC68363E0188BF2F541 /* Pods-Never Ever.release.xcconfig */;
			buildSettings = {
				ASSETCATALOG_COMPILER_APPICON_NAME = AppIcon;
				CODE_SIGN_STYLE = Automatic;
				DEVELOPMENT_TEAM = 7BV7G443SR;
				INFOPLIST_FILE = "Never Ever/Info.plist";
				LD_RUNPATH_SEARCH_PATHS = (
					"$(inherited)",
					"@executable_path/Frameworks",
				);
				PRODUCT_BUNDLE_IDENTIFIER = "com.earine.Never-Ever";
				PRODUCT_NAME = "$(TARGET_NAME)";
				SWIFT_VERSION = 4.2;
				TARGETED_DEVICE_FAMILY = "1,2";
			};
			name = Release;
		};
/* End XCBuildConfiguration section */

/* Begin XCConfigurationList section */
		9CC41C7721D11D1D00F3E60A /* Build configuration list for PBXProject "Never Ever" */ = {
			isa = XCConfigurationList;
			buildConfigurations = (
				9CC41C8C21D11D2100F3E60A /* Debug */,
				9CC41C8D21D11D2100F3E60A /* Release */,
			);
			defaultConfigurationIsVisible = 0;
			defaultConfigurationName = Release;
		};
		9CC41C8E21D11D2100F3E60A /* Build configuration list for PBXNativeTarget "Never Ever" */ = {
			isa = XCConfigurationList;
			buildConfigurations = (
				9CC41C8F21D11D2100F3E60A /* Debug */,
				9CC41C9021D11D2100F3E60A /* Release */,
			);
			defaultConfigurationIsVisible = 0;
			defaultConfigurationName = Release;
		};
/* End XCConfigurationList section */
	};
	rootObject = 9CC41C7421D11D1D00F3E60A /* Project object */;
}
